{
  "version": 4,
  "terraform_version": "1.0.3",
  "serial": 6,
  "lineage": "c27f0759-07d2-8412-b7ec-140638335120",
  "outputs": {
    "tracks": {
      "value": [
        {
          "album": "7vXiklrUeffx5o2F8VYwm3",
          "artists": [
            "4hz8tIajF2INpgM0qzPJz2"
          ],
          "id": "474uVhyGgK5MtY9gMcDgGl",
          "name": "It's Called: Freefall"
        },
        {
          "album": "2aaWMtuGxw17AZpKhZGdXQ",
          "artists": [
            "4hz8tIajF2INpgM0qzPJz2"
          ],
          "id": "0ZAbupc7jAQpG9IxojQ3s3",
          "name": "Cocaine Jesus"
        },
        {
          "album": "4lGNpgFI67TUq5BMfnPe3Z",
          "artists": [
            "4hz8tIajF2INpgM0qzPJz2"
          ],
          "id": "0HsGh7cboYz6cVMIyFrQ8j",
          "name": "Devil Like Me"
        },
        {
          "album": "4lGNpgFI67TUq5BMfnPe3Z",
          "artists": [
            "4hz8tIajF2INpgM0qzPJz2"
          ],
          "id": "7trx783SvnHhKkmgSSTIFJ",
          "name": "First Class"
        },
        {
          "album": "15RYnRTIMHrCB6X3HjK2mC",
          "artists": [
            "4hz8tIajF2INpgM0qzPJz2"
          ],
          "id": "5L7IgwUPhir2FJftGNXJDW",
          "name": "Heart"
        },
        {
          "album": "4lGNpgFI67TUq5BMfnPe3Z",
          "artists": [
            "4hz8tIajF2INpgM0qzPJz2"
          ],
          "id": "6vyFAHVKIsp3pdyhlOKMAz",
          "name": "All That and More (Sailboat)"
        },
        {
          "album": "2aaWMtuGxw17AZpKhZGdXQ",
          "artists": [
            "4hz8tIajF2INpgM0qzPJz2"
          ],
          "id": "50bmpfgcV29ouRVDfr5wOc",
          "name": "Lady Lie"
        },
        {
          "album": "7vXiklrUeffx5o2F8VYwm3",
          "artists": [
            "4hz8tIajF2INpgM0qzPJz2"
          ],
          "id": "16ro1is6DmDKkarlJMBbzV",
          "name": "When It Lands"
        },
        {
          "album": "2icz52Y5iN064uk4ozmBy2",
          "artists": [
            "4hz8tIajF2INpgM0qzPJz2"
          ],
          "id": "4zb8pNCjxtfmlKigjdp651",
          "name": "Devil Like Me - Live from Athens Georgia"
        },
        {
          "album": "2aaWMtuGxw17AZpKhZGdXQ",
          "artists": [
            "4hz8tIajF2INpgM0qzPJz2"
          ],
          "id": "37ZvpHeZKazqOnLfAGm9nb",
          "name": "All's Well That Ends"
        }
      ],
      "type": [
        "list",
        [
          "object",
          {
            "album": "string",
            "artists": [
              "list",
              "string"
            ],
            "id": "string",
            "name": "string"
          }
        ]
      ]
    }
  },
  "resources": [
    {
      "mode": "data",
      "type": "spotify_search_track",
      "name": "by_artist",
      "provider": "provider[\"registry.terraform.io/conradludgate/spotify\"]",
      "instances": [
        {
          "schema_version": 0,
          "attributes": {
            "album": null,
            "artists": [
              "Rainbow Kitten Surprise"
            ],
            "explicit": true,
            "id": "1627051815",
            "limit": 10,
            "name": null,
            "track": null,
            "tracks": [
              {
                "album": "7vXiklrUeffx5o2F8VYwm3",
                "artists": [
                  "4hz8tIajF2INpgM0qzPJz2"
                ],
                "id": "474uVhyGgK5MtY9gMcDgGl",
                "name": "It's Called: Freefall"
              },
              {
                "album": "2aaWMtuGxw17AZpKhZGdXQ",
                "artists": [
                  "4hz8tIajF2INpgM0qzPJz2"
                ],
                "id": "0ZAbupc7jAQpG9IxojQ3s3",
                "name": "Cocaine Jesus"
              },
              {
                "album": "4lGNpgFI67TUq5BMfnPe3Z",
                "artists": [
                  "4hz8tIajF2INpgM0qzPJz2"
                ],
                "id": "0HsGh7cboYz6cVMIyFrQ8j",
                "name": "Devil Like Me"
              },
              {
                "album": "4lGNpgFI67TUq5BMfnPe3Z",
                "artists": [
                  "4hz8tIajF2INpgM0qzPJz2"
                ],
                "id": "7trx783SvnHhKkmgSSTIFJ",
                "name": "First Class"
              },
              {
                "album": "15RYnRTIMHrCB6X3HjK2mC",
                "artists": [
                  "4hz8tIajF2INpgM0qzPJz2"
                ],
                "id": "5L7IgwUPhir2FJftGNXJDW",
                "name": "Heart"
              },
              {
                "album": "4lGNpgFI67TUq5BMfnPe3Z",
                "artists": [
                  "4hz8tIajF2INpgM0qzPJz2"
                ],
                "id": "6vyFAHVKIsp3pdyhlOKMAz",
                "name": "All That and More (Sailboat)"
              },
              {
                "album": "2aaWMtuGxw17AZpKhZGdXQ",
                "artists": [
                  "4hz8tIajF2INpgM0qzPJz2"
                ],
                "id": "50bmpfgcV29ouRVDfr5wOc",
                "name": "Lady Lie"
              },
              {
                "album": "7vXiklrUeffx5o2F8VYwm3",
                "artists": [
                  "4hz8tIajF2INpgM0qzPJz2"
                ],
                "id": "16ro1is6DmDKkarlJMBbzV",
                "name": "When It Lands"
              },
              {
                "album": "2icz52Y5iN064uk4ozmBy2",
                "artists": [
                  "4hz8tIajF2INpgM0qzPJz2"
                ],
                "id": "4zb8pNCjxtfmlKigjdp651",
                "name": "Devil Like Me - Live from Athens Georgia"
              },
              {
                "album": "2aaWMtuGxw17AZpKhZGdXQ",
                "artists": [
                  "4hz8tIajF2INpgM0qzPJz2"
                ],
                "id": "37ZvpHeZKazqOnLfAGm9nb",
                "name": "All's Well That Ends"
              }
            ],
            "year": null
          },
          "sensitive_attributes": []
        }
      ]
    },
    {
      "mode": "managed",
      "type": "spotify_playlist",
      "name": "playlist",
      "provider": "provider[\"registry.terraform.io/conradludgate/spotify\"]",
      "instances": [
        {
          "schema_version": 0,
          "attributes": {
            "description": "This playlist was created by Terraform",
            "id": "5Gz1s6m0GzD2Vueao4cAuR",
            "name": "Terraform Summer Playlist",
            "public": true,
            "snapshot_id": "NSxkMDBiZDhkNGIwZTk3MjEzOTg4MThlZjk1YmYzNjcxOWEyN2ZkZWQ5",
            "tracks": [
              "0HsGh7cboYz6cVMIyFrQ8j",
              "0ZAbupc7jAQpG9IxojQ3s3",
              "16ro1is6DmDKkarlJMBbzV",
              "37ZvpHeZKazqOnLfAGm9nb",
              "474uVhyGgK5MtY9gMcDgGl",
              "4zb8pNCjxtfmlKigjdp651",
              "50bmpfgcV29ouRVDfr5wOc",
              "5L7IgwUPhir2FJftGNXJDW",
              "6vyFAHVKIsp3pdyhlOKMAz",
              "7trx783SvnHhKkmgSSTIFJ"
            ]
          },
          "sensitive_attributes": [],
          "private": "bnVsbA==",
          "dependencies": [
            "data.spotify_search_track.by_artist"
          ]
        }
      ]
    }
  ]
}
